
Microsoft Visual Studio Solution File, Format Version 12.00
# Visual Studio 15
VisualStudioVersion = 15.0.26730.12
MinimumVisualStudioVersion = 10.0.40219.1
Project("{FAE04EC0-301F-11D3-BF4B-00C04F79EFBC}") = "Panda.SimpleExcel", "SimpleExcel\Panda.SimpleExcel.csproj", "{2388C8E4-EBC7-4C4F-B553-7310F943F503}"
EndProject
Project("{FAE04EC0-301F-11D3-BF4B-00C04F79EFBC}") = "Test", "Test\Test.csproj", "{4D758F95-FB14-4CDD-BBDA-19B26E5484CC}"
EndProject
Global
	GlobalSection(SolutionConfigurationPlatforms) = preSolution
		Debug|Any CPU = Debug|Any CPU
		Release|Any CPU = Release|Any CPU
	EndGlobalSection
	GlobalSection(ProjectConfigurationPlatforms) = postSolution
		{2388C8E4-EBC7-4C4F-B553-7310F943F503}.Debug|Any CPU.ActiveCfg = Debug|Any CPU
		{2388C8E4-EBC7-4C4F-B553-7310F943F503}.Debug|Any CPU.Build.0 = Debug|Any CPU
		{2388C8E4-EBC7-4C4F-B553-7310F943F503}.Release|Any CPU.ActiveCfg = Release|Any CPU
		{2388C8E4-EBC7-4C4F-B553-7310F943F503}.Release|Any CPU.Build.0 = Release|Any CPU
		{4D758F95-FB14-4CDD-BBDA-19B26E5484CC}.Debug|Any CPU.ActiveCfg = Debug|Any CPU
		{4D758F95-FB14-4CDD-BBDA-19B26E5484CC}.Debug|Any CPU.Build.0 = Debug|Any CPU
		{4D758F95-FB14-4CDD-BBDA-19B26E5484CC}.Release|Any CPU.ActiveCfg = Release|Any CPU
		{4D758F95-FB14-4CDD-BBDA-19B26E5484CC}.Release|Any CPU.Build.0 = Release|Any CPU
	EndGlobalSection
	GlobalSection(SolutionProperties) = preSolution
		HideSolutionNode = FALSE
	EndGlobalSection
	GlobalSection(ExtensibilityGlobals) = postSolution
		SolutionGuid = {08C39692-1327-4A8D-B296-1EBF5A0DCDCA}
	EndGlobalSection
EndGlobal
